PODS:
  - Highlightr (1.1.0)
  - Kingfisher (6.2.1)
  - Realm (10.7.2):
    - Realm/Headers (= 10.7.2)
  - Realm/Headers (10.7.2)
  - RealmSwift (10.7.2):
    - Realm (= 10.7.2)

DEPENDENCIES:
  - "Highlightr (from `git@github.com:brunophilipe/Highlightr.git`, branch `master`)"
  - "Kingfisher (from `git@github.com:onevcat/Kingfisher.git`, branch `master`)"
  - "RealmSwift (from `git@github.com:realm/realm-cocoa.git`, branch `master`)"

SPEC REPOS:
  trunk:
    - Realm

EXTERNAL SOURCES:
  Highlightr:
    :branch: master
    :git: "git@github.com:brunophilipe/Highlightr.git"
  Kingfisher:
    :branch: master
    :git: "git@github.com:onevcat/Kingfisher.git"
  RealmSwift:
    :branch: master
    :git: "git@github.com:realm/realm-cocoa.git"

CHECKOUT OPTIONS:
  Highlightr:
    :commit: 2dd0227854c40edf7522e095089c94e9914c4b91
    :git: "git@github.com:brunophilipe/Highlightr.git"
  Kingfisher:
    :commit: bbc4bc4def7eb05a7ba8e1219f80ee9be327334e
    :git: "git@github.com:onevcat/Kingfisher.git"
  RealmSwift:
    :commit: d6ebfbfea30a4a9c2f6df6177de2374e561046bc
    :git: "git@github.com:realm/realm-cocoa.git"

SPEC CHECKSUMS:
  Highlightr: 09ddfc99e24e4ebd81dd711f712f1620f199f8fa
  Kingfisher: e71c6fac2aebb1262888cabc2cb13d313362a48f
  Realm: e523da9ade306c5ae87e85dc09fdef148d3e1cc1
  RealmSwift: 4f6758c3adbdcc87f7b7777107226532a077f61c

PODFILE CHECKSUM: d68cc19b82d40dead79a0a6a054cda55ad20f924

COCOAPODS: 1.10.0
