PODS:
  - Highlightr (1.1.0)
  - Realm (4.3.2):
    - Realm/Headers (= 4.3.2)
  - Realm/Headers (4.3.2)
  - RealmSwift (4.3.2):
    - Realm (= 4.3.2)

DEPENDENCIES:
  - "Highlightr (from `git@github.com:brunophilipe/Highlightr.git`)"
  - RealmSwift

SPEC REPOS:
  https://github.com/cocoapods/specs.git:
    - Realm
    - RealmSwift

EXTERNAL SOURCES:
  Highlightr:
    :git: "git@github.com:brunophilipe/Highlightr.git"

CHECKOUT OPTIONS:
  Highlightr:
    :commit: 437d4302ba85faeeaa75ba47939d066fdfc101a5
    :git: "git@github.com:brunophilipe/Highlightr.git"

SPEC CHECKSUMS:
  Highlightr: 09ddfc99e24e4ebd81dd711f712f1620f199f8fa
  Realm: 5e92902e2875dff4bb0fd02f67bb737c3d5db2bc
  RealmSwift: 9a360fc7bae04fc2e308a34fbd899d5faa2d6b22

PODFILE CHECKSUM: 9ac27a3a3fe60ccc14a75715959c1532ffa8d70e

COCOAPODS: 1.7.4
