// !$*UTF8*$!
{
	archiveVersion = 1;
	classes = {
	};
	objectVersion = 51;
	objects = {

/* Begin PBXBuildFile section */
		BD06FA43250E5B5800EAC772 /* GlobalData.swift in Sources */ = {isa = PBXBuildFile; fileRef = BD06FA42250E5B5800EAC772 /* GlobalData.swift */; };
		BD1AA6A22503C65000BE5BC5 /* AppDelegate.swift in Sources */ = {isa = PBXBuildFile; fileRef = BD1AA6A12503C65000BE5BC5 /* AppDelegate.swift */; };
		BD1AA6A42503C65000BE5BC5 /* SceneDelegate.swift in Sources */ = {isa = PBXBuildFile; fileRef = BD1AA6A32503C65000BE5BC5 /* SceneDelegate.swift */; };
		BD1AA6A62503C65000BE5BC5 /* ContentView.swift in Sources */ = {isa = PBXBuildFile; fileRef = BD1AA6A52503C65000BE5BC5 /* ContentView.swift */; };
		BD1AA6A82503C65500BE5BC5 /* Assets.xcassets in Resources */ = {isa = PBXBuildFile; fileRef = BD1AA6A72503C65500BE5BC5 /* Assets.xcassets */; };
		BD1AA6AB2503C65500BE5BC5 /* Preview Assets.xcassets in Resources */ = {isa = PBXBuildFile; fileRef = BD1AA6AA2503C65500BE5BC5 /* Preview Assets.xcassets */; };
		BD1AA6AE2503C65500BE5BC5 /* LaunchScreen.storyboard in Resources */ = {isa = PBXBuildFile; fileRef = BD1AA6AC2503C65500BE5BC5 /* LaunchScreen.storyboard */; };
		BD1AA6B72503CC8B00BE5BC5 /* TutorialHomePage.swift in Sources */ = {isa = PBXBuildFile; fileRef = BD1AA6B62503CC8B00BE5BC5 /* TutorialHomePage.swift */; };
		BD6B60392503D1380096554E /* SettingsHomePage.swift in Sources */ = {isa = PBXBuildFile; fileRef = BD6B60382503D1380096554E /* SettingsHomePage.swift */; };
		BD6B603C2503D55D0096554E /* SafariView.swift in Sources */ = {isa = PBXBuildFile; fileRef = BD6B603B2503D55D0096554E /* SafariView.swift */; };
		BD6B6040250513910096554E /* InfoPlist.strings in Resources */ = {isa = PBXBuildFile; fileRef = BD6B6042250513910096554E /* InfoPlist.strings */; };
		BD6B6046250513F90096554E /* Localizable.strings in Resources */ = {isa = PBXBuildFile; fileRef = BD6B6048250513F90096554E /* Localizable.strings */; };
		BD6B604C250519DC0096554E /* Localizable.swift in Sources */ = {isa = PBXBuildFile; fileRef = BD6B604B250519DC0096554E /* Localizable.swift */; };
		BD6B604E25052A240096554E /* LanguagesView.swift in Sources */ = {isa = PBXBuildFile; fileRef = BD6B604D25052A240096554E /* LanguagesView.swift */; };
		BDBAC0922519FC5200624028 /* LabelPage.swift in Sources */ = {isa = PBXBuildFile; fileRef = BDBAC0912519FC5200624028 /* LabelPage.swift */; };
		BDC78BDC250E642800F9C816 /* TextPage.swift in Sources */ = {isa = PBXBuildFile; fileRef = BDC78BDB250E642800F9C816 /* TextPage.swift */; };
		BDC78BDF250E769B00F9C816 /* CodeEditor.swift in Sources */ = {isa = PBXBuildFile; fileRef = BDC78BDE250E769A00F9C816 /* CodeEditor.swift */; };
		BDC78BE1250E77B800F9C816 /* CodeEditorVIew.swift in Sources */ = {isa = PBXBuildFile; fileRef = BDC78BE0250E77B800F9C816 /* CodeEditorVIew.swift */; };
		BDC78BE4250E79B100F9C816 /* MapView.swift in Sources */ = {isa = PBXBuildFile; fileRef = BDC78BE3250E79B100F9C816 /* MapView.swift */; };
		BDCD0D4A251A4B8B003262F8 /* SourceCodePro-Semibold.ttf in Resources */ = {isa = PBXBuildFile; fileRef = BDCD0D35251A4B8B003262F8 /* SourceCodePro-Semibold.ttf */; };
		BDCD0D4B251A4B8B003262F8 /* SourceCodePro-BoldIt.ttf in Resources */ = {isa = PBXBuildFile; fileRef = BDCD0D36251A4B8B003262F8 /* SourceCodePro-BoldIt.ttf */; };
		BDCD0D4C251A4B8B003262F8 /* SourceCodePro-Medium.ttf in Resources */ = {isa = PBXBuildFile; fileRef = BDCD0D37251A4B8B003262F8 /* SourceCodePro-Medium.ttf */; };
		BDCD0D4D251A4B8B003262F8 /* SourceCodePro-SemiboldIt.ttf in Resources */ = {isa = PBXBuildFile; fileRef = BDCD0D38251A4B8B003262F8 /* SourceCodePro-SemiboldIt.ttf */; };
		BDCD0D4E251A4B8B003262F8 /* SourceCodePro-Light.ttf in Resources */ = {isa = PBXBuildFile; fileRef = BDCD0D39251A4B8B003262F8 /* SourceCodePro-Light.ttf */; };
		BDCD0D4F251A4B8B003262F8 /* SourceCodePro-It.ttf in Resources */ = {isa = PBXBuildFile; fileRef = BDCD0D3A251A4B8B003262F8 /* SourceCodePro-It.ttf */; };
		BDCD0D50251A4B8B003262F8 /* SourceCodePro-MediumIt.ttf in Resources */ = {isa = PBXBuildFile; fileRef = BDCD0D3B251A4B8B003262F8 /* SourceCodePro-MediumIt.ttf */; };
		BDCD0D51251A4B8B003262F8 /* SourceCodePro-Black.ttf in Resources */ = {isa = PBXBuildFile; fileRef = BDCD0D3C251A4B8B003262F8 /* SourceCodePro-Black.ttf */; };
		BDCD0D52251A4B8B003262F8 /* SourceCodePro-ExtraLight.ttf in Resources */ = {isa = PBXBuildFile; fileRef = BDCD0D3D251A4B8B003262F8 /* SourceCodePro-ExtraLight.ttf */; };
		BDCD0D53251A4B8B003262F8 /* SourceCodePro-BlackIt.ttf in Resources */ = {isa = PBXBuildFile; fileRef = BDCD0D3E251A4B8B003262F8 /* SourceCodePro-BlackIt.ttf */; };
		BDCD0D54251A4B8B003262F8 /* SourceCodePro-Regular.ttf in Resources */ = {isa = PBXBuildFile; fileRef = BDCD0D3F251A4B8B003262F8 /* SourceCodePro-Regular.ttf */; };
		BDCD0D55251A4B8B003262F8 /* SourceCodePro-LightIt.ttf in Resources */ = {isa = PBXBuildFile; fileRef = BDCD0D40251A4B8B003262F8 /* SourceCodePro-LightIt.ttf */; };
		BDCD0D56251A4B8B003262F8 /* SourceCodePro-ExtraLightIt.ttf in Resources */ = {isa = PBXBuildFile; fileRef = BDCD0D41251A4B8B003262F8 /* SourceCodePro-ExtraLightIt.ttf */; };
		BDCD0D57251A4B8B003262F8 /* SourceCodePro-Bold.ttf in Resources */ = {isa = PBXBuildFile; fileRef = BDCD0D42251A4B8B003262F8 /* SourceCodePro-Bold.ttf */; };
		BDCD0D58251A4B8B003262F8 /* FiraCode-Medium.ttf in Resources */ = {isa = PBXBuildFile; fileRef = BDCD0D45251A4B8B003262F8 /* FiraCode-Medium.ttf */; };
		BDCD0D59251A4B8B003262F8 /* FiraCode-Regular.ttf in Resources */ = {isa = PBXBuildFile; fileRef = BDCD0D46251A4B8B003262F8 /* FiraCode-Regular.ttf */; };
		BDCD0D5A251A4B8B003262F8 /* FiraCode-Retina.ttf in Resources */ = {isa = PBXBuildFile; fileRef = BDCD0D47251A4B8B003262F8 /* FiraCode-Retina.ttf */; };
		BDCD0D5B251A4B8B003262F8 /* FiraCode-Bold.ttf in Resources */ = {isa = PBXBuildFile; fileRef = BDCD0D48251A4B8B003262F8 /* FiraCode-Bold.ttf */; };
		BDCD0D5C251A4B8B003262F8 /* FiraCode-Light.ttf in Resources */ = {isa = PBXBuildFile; fileRef = BDCD0D49251A4B8B003262F8 /* FiraCode-Light.ttf */; };
		BDD231CE25260948001336ED /* explore.json in Resources */ = {isa = PBXBuildFile; fileRef = BDD231CD25260948001336ED /* explore.json */; };
		BDD231D325260D13001336ED /* ExploreHomePage.swift in Sources */ = {isa = PBXBuildFile; fileRef = BDD231D225260D13001336ED /* ExploreHomePage.swift */; };
		BDD231D825260F45001336ED /* ExploreModels.swift in Sources */ = {isa = PBXBuildFile; fileRef = BDD231D725260F45001336ED /* ExploreModels.swift */; };
		BDD231E0252629C9001336ED /* ExploreGroupDetailPage.swift in Sources */ = {isa = PBXBuildFile; fileRef = BDD231DF252629C9001336ED /* ExploreGroupDetailPage.swift */; };
		BDD2322325275830001336ED /* TapicEngine.swift in Sources */ = {isa = PBXBuildFile; fileRef = BDD2322225275830001336ED /* TapicEngine.swift */; };
		BDD2322725276AA8001336ED /* VersionHistoryPage.swift in Sources */ = {isa = PBXBuildFile; fileRef = BDD2322625276AA8001336ED /* VersionHistoryPage.swift */; };
		BDD2322A25276E80001336ED /* Version.swift in Sources */ = {isa = PBXBuildFile; fileRef = BDD2322925276E80001336ED /* Version.swift */; };
		BDD2322F252770D6001336ED /* FeaturedHomePage.swift in Sources */ = {isa = PBXBuildFile; fileRef = BDD2322E252770D6001336ED /* FeaturedHomePage.swift */; };
		BDD232332528AAB1001336ED /* ProgressViewPage.swift in Sources */ = {isa = PBXBuildFile; fileRef = BDD232322528AAB1001336ED /* ProgressViewPage.swift */; };
		BDD232362528C62A001336ED /* ColorPickerPage.swift in Sources */ = {isa = PBXBuildFile; fileRef = BDD232352528C62A001336ED /* ColorPickerPage.swift */; };
		BDD232392528D01F001336ED /* featured.json in Resources */ = {isa = PBXBuildFile; fileRef = BDD232382528D01F001336ED /* featured.json */; };
		BDD2323C2528D103001336ED /* FeaturedTopicCard.swift in Sources */ = {isa = PBXBuildFile; fileRef = BDD2323B2528D103001336ED /* FeaturedTopicCard.swift */; };
		BDD2323F25304C51001336ED /* FeaturedModels.swift in Sources */ = {isa = PBXBuildFile; fileRef = BDD2323E25304C51001336ED /* FeaturedModels.swift */; };
		BDD23243253061C7001336ED /* WebView.swift in Sources */ = {isa = PBXBuildFile; fileRef = BDD23242253061C7001336ED /* WebView.swift */; };
		BDD253E02518E9E500C09837 /* CodeThemePickPage.swift in Sources */ = {isa = PBXBuildFile; fileRef = BDD253DF2518E9E500C09837 /* CodeThemePickPage.swift */; };
		BDD253E32518EC4200C09837 /* CodeTheme.swift in Sources */ = {isa = PBXBuildFile; fileRef = BDD253E22518EC4200C09837 /* CodeTheme.swift */; };
		BDD253E62518EFE100C09837 /* CodeEditorHelper.swift in Sources */ = {isa = PBXBuildFile; fileRef = BDD253E52518EFE100C09837 /* CodeEditorHelper.swift */; };
		BDD253E92519D71000C09837 /* LinkPage.swift in Sources */ = {isa = PBXBuildFile; fileRef = BDD253E82519D71000C09837 /* LinkPage.swift */; };
		BDD7F1DE2514F6B000C28B05 /* TextEditorPage.swift in Sources */ = {isa = PBXBuildFile; fileRef = BDD7F1DD2514F6B000C28B05 /* TextEditorPage.swift */; };
		BDD7F1E22514F9AC00C28B05 /* PickerPage.swift in Sources */ = {isa = PBXBuildFile; fileRef = BDD7F1E12514F9AB00C28B05 /* PickerPage.swift */; };
		BDD7F1E72515069C00C28B05 /* tutorials_github.json in Resources */ = {isa = PBXBuildFile; fileRef = BDD7F1E62515069C00C28B05 /* tutorials_github.json */; };
		BDD7F1EB2515095700C28B05 /* view-layout-and-presentation.json in Resources */ = {isa = PBXBuildFile; fileRef = BDD7F1EA2515095700C28B05 /* view-layout-and-presentation.json */; };
		BDD7F1EE2517954200C28B05 /* LazyVStackPage.swift in Sources */ = {isa = PBXBuildFile; fileRef = BDD7F1ED2517954200C28B05 /* LazyVStackPage.swift */; };
		BDD7F1F125179B7C00C28B05 /* LazyHStackPage.swift in Sources */ = {isa = PBXBuildFile; fileRef = BDD7F1F025179B7B00C28B05 /* LazyHStackPage.swift */; };
		BDD7F1F52517A3C700C28B05 /* LazyHGridPage.swift in Sources */ = {isa = PBXBuildFile; fileRef = BDD7F1F42517A3C600C28B05 /* LazyHGridPage.swift */; };
		F210E6A26CAB63277B4983B3 /* Pods_HappySwiftUI.framework in Frameworks */ = {isa = PBXBuildFile; fileRef = 1B9A926D37FF2CF750A9D5EB /* Pods_HappySwiftUI.framework */; };
/* End PBXBuildFile section */

/* Begin PBXFileReference section */
		1B9A926D37FF2CF750A9D5EB /* Pods_HappySwiftUI.framework */ = {isa = PBXFileReference; explicitFileType = wrapper.framework; includeInIndex = 0; path = Pods_HappySwiftUI.framework; sourceTree = BUILT_PRODUCTS_DIR; };
		1D117159C5B7C9C78D9B4AED /* Pods-HappySwiftUI.debug.xcconfig */ = {isa = PBXFileReference; includeInIndex = 1; lastKnownFileType = text.xcconfig; name = "Pods-HappySwiftUI.debug.xcconfig"; path = "Target Support Files/Pods-HappySwiftUI/Pods-HappySwiftUI.debug.xcconfig"; sourceTree = "<group>"; };
		BD06FA42250E5B5800EAC772 /* GlobalData.swift */ = {isa = PBXFileReference; lastKnownFileType = sourcecode.swift; path = GlobalData.swift; sourceTree = "<group>"; };
		BD1AA69E2503C65000BE5BC5 /* HappySwiftUI.app */ = {isa = PBXFileReference; explicitFileType = wrapper.application; includeInIndex = 0; path = HappySwiftUI.app; sourceTree = BUILT_PRODUCTS_DIR; };
		BD1AA6A12503C65000BE5BC5 /* AppDelegate.swift */ = {isa = PBXFileReference; lastKnownFileType = sourcecode.swift; path = AppDelegate.swift; sourceTree = "<group>"; };
		BD1AA6A32503C65000BE5BC5 /* SceneDelegate.swift */ = {isa = PBXFileReference; lastKnownFileType = sourcecode.swift; path = SceneDelegate.swift; sourceTree = "<group>"; };
		BD1AA6A52503C65000BE5BC5 /* ContentView.swift */ = {isa = PBXFileReference; lastKnownFileType = sourcecode.swift; path = ContentView.swift; sourceTree = "<group>"; };
		BD1AA6A72503C65500BE5BC5 /* Assets.xcassets */ = {isa = PBXFileReference; lastKnownFileType = folder.assetcatalog; path = Assets.xcassets; sourceTree = "<group>"; };
		BD1AA6AA2503C65500BE5BC5 /* Preview Assets.xcassets */ = {isa = PBXFileReference; lastKnownFileType = folder.assetcatalog; path = "Preview Assets.xcassets"; sourceTree = "<group>"; };
		BD1AA6AD2503C65500BE5BC5 /* Base */ = {isa = PBXFileReference; lastKnownFileType = file.storyboard; name = Base; path = Base.lproj/LaunchScreen.storyboard; sourceTree = "<group>"; };
		BD1AA6AF2503C65500BE5BC5 /* Info.plist */ = {isa = PBXFileReference; lastKnownFileType = text.plist.xml; path = Info.plist; sourceTree = "<group>"; };
		BD1AA6B62503CC8B00BE5BC5 /* TutorialHomePage.swift */ = {isa = PBXFileReference; lastKnownFileType = sourcecode.swift; path = TutorialHomePage.swift; sourceTree = "<group>"; };
		BD6B60382503D1380096554E /* SettingsHomePage.swift */ = {isa = PBXFileReference; lastKnownFileType = sourcecode.swift; path = SettingsHomePage.swift; sourceTree = "<group>"; };
		BD6B603B2503D55D0096554E /* SafariView.swift */ = {isa = PBXFileReference; lastKnownFileType = sourcecode.swift; path = SafariView.swift; sourceTree = "<group>"; };
		BD6B603D250513160096554E /* zh-Hans */ = {isa = PBXFileReference; lastKnownFileType = text.plist.strings; name = "zh-Hans"; path = "zh-Hans.lproj/LaunchScreen.strings"; sourceTree = "<group>"; };
		BD6B6041250513910096554E /* en */ = {isa = PBXFileReference; lastKnownFileType = text.plist.strings; name = en; path = en.lproj/InfoPlist.strings; sourceTree = "<group>"; };
		BD6B6043250513950096554E /* zh-Hans */ = {isa = PBXFileReference; lastKnownFileType = text.plist.strings; name = "zh-Hans"; path = "zh-Hans.lproj/InfoPlist.strings"; sourceTree = "<group>"; };
		BD6B6047250513F90096554E /* en */ = {isa = PBXFileReference; lastKnownFileType = text.plist.strings; name = en; path = en.lproj/Localizable.strings; sourceTree = "<group>"; };
		BD6B6049250513FB0096554E /* zh-Hans */ = {isa = PBXFileReference; lastKnownFileType = text.plist.strings; name = "zh-Hans"; path = "zh-Hans.lproj/Localizable.strings"; sourceTree = "<group>"; };
		BD6B604B250519DC0096554E /* Localizable.swift */ = {isa = PBXFileReference; lastKnownFileType = sourcecode.swift; path = Localizable.swift; sourceTree = "<group>"; };
		BD6B604D25052A240096554E /* LanguagesView.swift */ = {isa = PBXFileReference; lastKnownFileType = sourcecode.swift; path = LanguagesView.swift; sourceTree = "<group>"; };
		BDBAC0912519FC5200624028 /* LabelPage.swift */ = {isa = PBXFileReference; lastKnownFileType = sourcecode.swift; path = LabelPage.swift; sourceTree = "<group>"; };
		BDC78BDB250E642800F9C816 /* TextPage.swift */ = {isa = PBXFileReference; lastKnownFileType = sourcecode.swift; path = TextPage.swift; sourceTree = "<group>"; };
		BDC78BDE250E769A00F9C816 /* CodeEditor.swift */ = {isa = PBXFileReference; lastKnownFileType = sourcecode.swift; path = CodeEditor.swift; sourceTree = "<group>"; };
		BDC78BE0250E77B800F9C816 /* CodeEditorVIew.swift */ = {isa = PBXFileReference; lastKnownFileType = sourcecode.swift; path = CodeEditorVIew.swift; sourceTree = "<group>"; };
		BDC78BE3250E79B100F9C816 /* MapView.swift */ = {isa = PBXFileReference; fileEncoding = 4; lastKnownFileType = sourcecode.swift; path = MapView.swift; sourceTree = "<group>"; };
		BDCD0D35251A4B8B003262F8 /* SourceCodePro-Semibold.ttf */ = {isa = PBXFileReference; lastKnownFileType = file; path = "SourceCodePro-Semibold.ttf"; sourceTree = "<group>"; };
		BDCD0D36251A4B8B003262F8 /* SourceCodePro-BoldIt.ttf */ = {isa = PBXFileReference; lastKnownFileType = file; path = "SourceCodePro-BoldIt.ttf"; sourceTree = "<group>"; };
		BDCD0D37251A4B8B003262F8 /* SourceCodePro-Medium.ttf */ = {isa = PBXFileReference; lastKnownFileType = file; path = "SourceCodePro-Medium.ttf"; sourceTree = "<group>"; };
		BDCD0D38251A4B8B003262F8 /* SourceCodePro-SemiboldIt.ttf */ = {isa = PBXFileReference; lastKnownFileType = file; path = "SourceCodePro-SemiboldIt.ttf"; sourceTree = "<group>"; };
		BDCD0D39251A4B8B003262F8 /* SourceCodePro-Light.ttf */ = {isa = PBXFileReference; lastKnownFileType = file; path = "SourceCodePro-Light.ttf"; sourceTree = "<group>"; };
		BDCD0D3A251A4B8B003262F8 /* SourceCodePro-It.ttf */ = {isa = PBXFileReference; lastKnownFileType = file; path = "SourceCodePro-It.ttf"; sourceTree = "<group>"; };
		BDCD0D3B251A4B8B003262F8 /* SourceCodePro-MediumIt.ttf */ = {isa = PBXFileReference; lastKnownFileType = file; path = "SourceCodePro-MediumIt.ttf"; sourceTree = "<group>"; };
		BDCD0D3C251A4B8B003262F8 /* SourceCodePro-Black.ttf */ = {isa = PBXFileReference; lastKnownFileType = file; path = "SourceCodePro-Black.ttf"; sourceTree = "<group>"; };
		BDCD0D3D251A4B8B003262F8 /* SourceCodePro-ExtraLight.ttf */ = {isa = PBXFileReference; lastKnownFileType = file; path = "SourceCodePro-ExtraLight.ttf"; sourceTree = "<group>"; };
		BDCD0D3E251A4B8B003262F8 /* SourceCodePro-BlackIt.ttf */ = {isa = PBXFileReference; lastKnownFileType = file; path = "SourceCodePro-BlackIt.ttf"; sourceTree = "<group>"; };
		BDCD0D3F251A4B8B003262F8 /* SourceCodePro-Regular.ttf */ = {isa = PBXFileReference; lastKnownFileType = file; path = "SourceCodePro-Regular.ttf"; sourceTree = "<group>"; };
		BDCD0D40251A4B8B003262F8 /* SourceCodePro-LightIt.ttf */ = {isa = PBXFileReference; lastKnownFileType = file; path = "SourceCodePro-LightIt.ttf"; sourceTree = "<group>"; };
		BDCD0D41251A4B8B003262F8 /* SourceCodePro-ExtraLightIt.ttf */ = {isa = PBXFileReference; lastKnownFileType = file; path = "SourceCodePro-ExtraLightIt.ttf"; sourceTree = "<group>"; };
		BDCD0D42251A4B8B003262F8 /* SourceCodePro-Bold.ttf */ = {isa = PBXFileReference; lastKnownFileType = file; path = "SourceCodePro-Bold.ttf"; sourceTree = "<group>"; };
		BDCD0D45251A4B8B003262F8 /* FiraCode-Medium.ttf */ = {isa = PBXFileReference; lastKnownFileType = file; path = "FiraCode-Medium.ttf"; sourceTree = "<group>"; };
		BDCD0D46251A4B8B003262F8 /* FiraCode-Regular.ttf */ = {isa = PBXFileReference; lastKnownFileType = file; path = "FiraCode-Regular.ttf"; sourceTree = "<group>"; };
		BDCD0D47251A4B8B003262F8 /* FiraCode-Retina.ttf */ = {isa = PBXFileReference; lastKnownFileType = file; path = "FiraCode-Retina.ttf"; sourceTree = "<group>"; };
		BDCD0D48251A4B8B003262F8 /* FiraCode-Bold.ttf */ = {isa = PBXFileReference; lastKnownFileType = file; path = "FiraCode-Bold.ttf"; sourceTree = "<group>"; };
		BDCD0D49251A4B8B003262F8 /* FiraCode-Light.ttf */ = {isa = PBXFileReference; lastKnownFileType = file; path = "FiraCode-Light.ttf"; sourceTree = "<group>"; };
		BDD231CD25260948001336ED /* explore.json */ = {isa = PBXFileReference; lastKnownFileType = text.json; path = explore.json; sourceTree = "<group>"; };
		BDD231D225260D13001336ED /* ExploreHomePage.swift */ = {isa = PBXFileReference; lastKnownFileType = sourcecode.swift; path = ExploreHomePage.swift; sourceTree = "<group>"; };
		BDD231D725260F45001336ED /* ExploreModels.swift */ = {isa = PBXFileReference; lastKnownFileType = sourcecode.swift; path = ExploreModels.swift; sourceTree = "<group>"; };
		BDD231DF252629C9001336ED /* ExploreGroupDetailPage.swift */ = {isa = PBXFileReference; lastKnownFileType = sourcecode.swift; path = ExploreGroupDetailPage.swift; sourceTree = "<group>"; };
		BDD2322225275830001336ED /* TapicEngine.swift */ = {isa = PBXFileReference; lastKnownFileType = sourcecode.swift; path = TapicEngine.swift; sourceTree = "<group>"; };
		BDD2322625276AA8001336ED /* VersionHistoryPage.swift */ = {isa = PBXFileReference; lastKnownFileType = sourcecode.swift; path = VersionHistoryPage.swift; sourceTree = "<group>"; };
		BDD2322925276E80001336ED /* Version.swift */ = {isa = PBXFileReference; lastKnownFileType = sourcecode.swift; path = Version.swift; sourceTree = "<group>"; };
		BDD2322E252770D6001336ED /* FeaturedHomePage.swift */ = {isa = PBXFileReference; lastKnownFileType = sourcecode.swift; path = FeaturedHomePage.swift; sourceTree = "<group>"; };
		BDD232322528AAB1001336ED /* ProgressViewPage.swift */ = {isa = PBXFileReference; lastKnownFileType = sourcecode.swift; path = ProgressViewPage.swift; sourceTree = "<group>"; };
		BDD232352528C62A001336ED /* ColorPickerPage.swift */ = {isa = PBXFileReference; lastKnownFileType = sourcecode.swift; path = ColorPickerPage.swift; sourceTree = "<group>"; };
		BDD232382528D01F001336ED /* featured.json */ = {isa = PBXFileReference; lastKnownFileType = text.json; path = featured.json; sourceTree = "<group>"; };
		BDD2323B2528D103001336ED /* FeaturedTopicCard.swift */ = {isa = PBXFileReference; lastKnownFileType = sourcecode.swift; path = FeaturedTopicCard.swift; sourceTree = "<group>"; };
		BDD2323E25304C51001336ED /* FeaturedModels.swift */ = {isa = PBXFileReference; lastKnownFileType = sourcecode.swift; path = FeaturedModels.swift; sourceTree = "<group>"; };
		BDD23242253061C7001336ED /* WebView.swift */ = {isa = PBXFileReference; lastKnownFileType = sourcecode.swift; path = WebView.swift; sourceTree = "<group>"; };
		BDD253DF2518E9E500C09837 /* CodeThemePickPage.swift */ = {isa = PBXFileReference; lastKnownFileType = sourcecode.swift; path = CodeThemePickPage.swift; sourceTree = "<group>"; };
		BDD253E22518EC4200C09837 /* CodeTheme.swift */ = {isa = PBXFileReference; lastKnownFileType = sourcecode.swift; path = CodeTheme.swift; sourceTree = "<group>"; };
		BDD253E52518EFE100C09837 /* CodeEditorHelper.swift */ = {isa = PBXFileReference; lastKnownFileType = sourcecode.swift; path = CodeEditorHelper.swift; sourceTree = "<group>"; };
		BDD253E82519D71000C09837 /* LinkPage.swift */ = {isa = PBXFileReference; lastKnownFileType = sourcecode.swift; path = LinkPage.swift; sourceTree = "<group>"; };
		BDD7F1DD2514F6B000C28B05 /* TextEditorPage.swift */ = {isa = PBXFileReference; lastKnownFileType = sourcecode.swift; path = TextEditorPage.swift; sourceTree = "<group>"; };
		BDD7F1E12514F9AB00C28B05 /* PickerPage.swift */ = {isa = PBXFileReference; lastKnownFileType = sourcecode.swift; path = PickerPage.swift; sourceTree = "<group>"; };
		BDD7F1E62515069C00C28B05 /* tutorials_github.json */ = {isa = PBXFileReference; lastKnownFileType = text.json; path = tutorials_github.json; sourceTree = "<group>"; };
		BDD7F1EA2515095700C28B05 /* view-layout-and-presentation.json */ = {isa = PBXFileReference; lastKnownFileType = text.json; path = "view-layout-and-presentation.json"; sourceTree = "<group>"; };
		BDD7F1ED2517954200C28B05 /* LazyVStackPage.swift */ = {isa = PBXFileReference; lastKnownFileType = sourcecode.swift; path = LazyVStackPage.swift; sourceTree = "<group>"; };
		BDD7F1F025179B7B00C28B05 /* LazyHStackPage.swift */ = {isa = PBXFileReference; lastKnownFileType = sourcecode.swift; path = LazyHStackPage.swift; sourceTree = "<group>"; };
		BDD7F1F42517A3C600C28B05 /* LazyHGridPage.swift */ = {isa = PBXFileReference; lastKnownFileType = sourcecode.swift; path = LazyHGridPage.swift; sourceTree = "<group>"; };
		D3645CC9E4C1273B8E2C1481 /* Pods-HappySwiftUI.release.xcconfig */ = {isa = PBXFileReference; includeInIndex = 1; lastKnownFileType = text.xcconfig; name = "Pods-HappySwiftUI.release.xcconfig"; path = "Target Support Files/Pods-HappySwiftUI/Pods-HappySwiftUI.release.xcconfig"; sourceTree = "<group>"; };
/* End PBXFileReference section */

/* Begin PBXFrameworksBuildPhase section */
		BD1AA69B2503C65000BE5BC5 /* Frameworks */ = {
			isa = PBXFrameworksBuildPhase;
			buildActionMask = 2147483647;
			files = (
				F210E6A26CAB63277B4983B3 /* Pods_HappySwiftUI.framework in Frameworks */,
			);
			runOnlyForDeploymentPostprocessing = 0;
		};
/* End PBXFrameworksBuildPhase section */

/* Begin PBXGroup section */
		75A37494DD55DA3C9C9C37DA /* Pods */ = {
			isa = PBXGroup;
			children = (
				1D117159C5B7C9C78D9B4AED /* Pods-HappySwiftUI.debug.xcconfig */,
				D3645CC9E4C1273B8E2C1481 /* Pods-HappySwiftUI.release.xcconfig */,
			);
			path = Pods;
			sourceTree = "<group>";
		};
		958DCE1C804E9D24AC2D3A33 /* Frameworks */ = {
			isa = PBXGroup;
			children = (
				1B9A926D37FF2CF750A9D5EB /* Pods_HappySwiftUI.framework */,
			);
			name = Frameworks;
			sourceTree = "<group>";
		};
		BD1AA6952503C65000BE5BC5 = {
			isa = PBXGroup;
			children = (
				BD1AA6A02503C65000BE5BC5 /* HappySwiftUI */,
				BD1AA69F2503C65000BE5BC5 /* Products */,
				75A37494DD55DA3C9C9C37DA /* Pods */,
				958DCE1C804E9D24AC2D3A33 /* Frameworks */,
			);
			sourceTree = "<group>";
		};
		BD1AA69F2503C65000BE5BC5 /* Products */ = {
			isa = PBXGroup;
			children = (
				BD1AA69E2503C65000BE5BC5 /* HappySwiftUI.app */,
			);
			name = Products;
			sourceTree = "<group>";
		};
		BD1AA6A02503C65000BE5BC5 /* HappySwiftUI */ = {
			isa = PBXGroup;
			children = (
				BDD23221252757D0001336ED /* HappyKit */,
				BDD7F1E52515065F00C28B05 /* Resources */,
				BDC78BE2250E79B100F9C816 /* SupportingViews */,
				BDC78BDD250E768D00F9C816 /* CodeEditor */,
				BD6B604A250519A00096554E /* Localizable */,
				BD6B603A2503D5250096554E /* Safari */,
				BD6B60372503D1190096554E /* Settings */,
				BDD2322D252770B2001336ED /* Featured */,
				BDD231D125260CEE001336ED /* Explore */,
				BD1AA6B52503CC5500BE5BC5 /* Tutorials */,
				BD1AA6A12503C65000BE5BC5 /* AppDelegate.swift */,
				BD1AA6A32503C65000BE5BC5 /* SceneDelegate.swift */,
				BD06FA42250E5B5800EAC772 /* GlobalData.swift */,
				BD1AA6A52503C65000BE5BC5 /* ContentView.swift */,
				BD1AA6A72503C65500BE5BC5 /* Assets.xcassets */,
				BD1AA6AC2503C65500BE5BC5 /* LaunchScreen.storyboard */,
				BD1AA6AF2503C65500BE5BC5 /* Info.plist */,
				BD6B6048250513F90096554E /* Localizable.strings */,
				BD6B6042250513910096554E /* InfoPlist.strings */,
				BD1AA6A92503C65500BE5BC5 /* Preview Content */,
			);
			path = HappySwiftUI;
			sourceTree = "<group>";
		};
		BD1AA6A92503C65500BE5BC5 /* Preview Content */ = {
			isa = PBXGroup;
			children = (
				BD1AA6AA2503C65500BE5BC5 /* Preview Assets.xcassets */,
			);
			path = "Preview Content";
			sourceTree = "<group>";
		};
		BD1AA6B52503CC5500BE5BC5 /* Tutorials */ = {
			isa = PBXGroup;
			children = (
				BD1AA6B62503CC8B00BE5BC5 /* TutorialHomePage.swift */,
				BDC78BDB250E642800F9C816 /* TextPage.swift */,
				BDD7F1DD2514F6B000C28B05 /* TextEditorPage.swift */,
				BDD7F1E12514F9AB00C28B05 /* PickerPage.swift */,
				BDD7F1F025179B7B00C28B05 /* LazyHStackPage.swift */,
				BDD7F1ED2517954200C28B05 /* LazyVStackPage.swift */,
				BDD7F1F42517A3C600C28B05 /* LazyHGridPage.swift */,
				BDD253E82519D71000C09837 /* LinkPage.swift */,
				BDBAC0912519FC5200624028 /* LabelPage.swift */,
				BDD232322528AAB1001336ED /* ProgressViewPage.swift */,
				BDD232352528C62A001336ED /* ColorPickerPage.swift */,
			);
			path = Tutorials;
			sourceTree = "<group>";
		};
		BD6B60372503D1190096554E /* Settings */ = {
			isa = PBXGroup;
			children = (
				BD6B60382503D1380096554E /* SettingsHomePage.swift */,
				BD6B604D25052A240096554E /* LanguagesView.swift */,
				BDD253DF2518E9E500C09837 /* CodeThemePickPage.swift */,
				BDD2322625276AA8001336ED /* VersionHistoryPage.swift */,
			);
			path = Settings;
			sourceTree = "<group>";
		};
		BD6B603A2503D5250096554E /* Safari */ = {
			isa = PBXGroup;
			children = (
				BD6B603B2503D55D0096554E /* SafariView.swift */,
				BDD23242253061C7001336ED /* WebView.swift */,
			);
			path = Safari;
			sourceTree = "<group>";
		};
		BD6B604A250519A00096554E /* Localizable */ = {
			isa = PBXGroup;
			children = (
				BD6B604B250519DC0096554E /* Localizable.swift */,
			);
			path = Localizable;
			sourceTree = "<group>";
		};
		BDC78BDD250E768D00F9C816 /* CodeEditor */ = {
			isa = PBXGroup;
			children = (
				BDC78BDE250E769A00F9C816 /* CodeEditor.swift */,
				BDC78BE0250E77B800F9C816 /* CodeEditorVIew.swift */,
				BDD253E22518EC4200C09837 /* CodeTheme.swift */,
				BDD253E52518EFE100C09837 /* CodeEditorHelper.swift */,
			);
			path = CodeEditor;
			sourceTree = "<group>";
		};
		BDC78BE2250E79B100F9C816 /* SupportingViews */ = {
			isa = PBXGroup;
			children = (
				BDC78BE3250E79B100F9C816 /* MapView.swift */,
			);
			path = SupportingViews;
			sourceTree = "<group>";
		};
		BDCD0D32251A4B8B003262F8 /* fonts */ = {
			isa = PBXGroup;
			children = (
				BDCD0D33251A4B8B003262F8 /* SourceCodePro */,
				BDCD0D43251A4B8B003262F8 /* FiraCode_1.206 */,
			);
			path = fonts;
			sourceTree = "<group>";
		};
		BDCD0D33251A4B8B003262F8 /* SourceCodePro */ = {
			isa = PBXGroup;
			children = (
				BDCD0D34251A4B8B003262F8 /* TTF */,
			);
			path = SourceCodePro;
			sourceTree = "<group>";
		};
		BDCD0D34251A4B8B003262F8 /* TTF */ = {
			isa = PBXGroup;
			children = (
				BDCD0D35251A4B8B003262F8 /* SourceCodePro-Semibold.ttf */,
				BDCD0D36251A4B8B003262F8 /* SourceCodePro-BoldIt.ttf */,
				BDCD0D37251A4B8B003262F8 /* SourceCodePro-Medium.ttf */,
				BDCD0D38251A4B8B003262F8 /* SourceCodePro-SemiboldIt.ttf */,
				BDCD0D39251A4B8B003262F8 /* SourceCodePro-Light.ttf */,
				BDCD0D3A251A4B8B003262F8 /* SourceCodePro-It.ttf */,
				BDCD0D3B251A4B8B003262F8 /* SourceCodePro-MediumIt.ttf */,
				BDCD0D3C251A4B8B003262F8 /* SourceCodePro-Black.ttf */,
				BDCD0D3D251A4B8B003262F8 /* SourceCodePro-ExtraLight.ttf */,
				BDCD0D3E251A4B8B003262F8 /* SourceCodePro-BlackIt.ttf */,
				BDCD0D3F251A4B8B003262F8 /* SourceCodePro-Regular.ttf */,
				BDCD0D40251A4B8B003262F8 /* SourceCodePro-LightIt.ttf */,
				BDCD0D41251A4B8B003262F8 /* SourceCodePro-ExtraLightIt.ttf */,
				BDCD0D42251A4B8B003262F8 /* SourceCodePro-Bold.ttf */,
			);
			path = TTF;
			sourceTree = "<group>";
		};
		BDCD0D43251A4B8B003262F8 /* FiraCode_1.206 */ = {
			isa = PBXGroup;
			children = (
				BDCD0D44251A4B8B003262F8 /* ttf */,
			);
			path = FiraCode_1.206;
			sourceTree = "<group>";
		};
		BDCD0D44251A4B8B003262F8 /* ttf */ = {
			isa = PBXGroup;
			children = (
				BDCD0D45251A4B8B003262F8 /* FiraCode-Medium.ttf */,
				BDCD0D46251A4B8B003262F8 /* FiraCode-Regular.ttf */,
				BDCD0D47251A4B8B003262F8 /* FiraCode-Retina.ttf */,
				BDCD0D48251A4B8B003262F8 /* FiraCode-Bold.ttf */,
				BDCD0D49251A4B8B003262F8 /* FiraCode-Light.ttf */,
			);
			path = ttf;
			sourceTree = "<group>";
		};
		BDD231D125260CEE001336ED /* Explore */ = {
			isa = PBXGroup;
			children = (
				BDD231D225260D13001336ED /* ExploreHomePage.swift */,
				BDD231D725260F45001336ED /* ExploreModels.swift */,
				BDD231DF252629C9001336ED /* ExploreGroupDetailPage.swift */,
			);
			path = Explore;
			sourceTree = "<group>";
		};
		BDD23221252757D0001336ED /* HappyKit */ = {
			isa = PBXGroup;
			children = (
				BDD2322225275830001336ED /* TapicEngine.swift */,
				BDD2322925276E80001336ED /* Version.swift */,
			);
			path = HappyKit;
			sourceTree = "<group>";
		};
		BDD2322D252770B2001336ED /* Featured */ = {
			isa = PBXGroup;
			children = (
				BDD2322E252770D6001336ED /* FeaturedHomePage.swift */,
				BDD2323B2528D103001336ED /* FeaturedTopicCard.swift */,
				BDD2323E25304C51001336ED /* FeaturedModels.swift */,
			);
			path = Featured;
			sourceTree = "<group>";
		};
		BDD7F1E52515065F00C28B05 /* Resources */ = {
			isa = PBXGroup;
			children = (
				BDCD0D32251A4B8B003262F8 /* fonts */,
				BDD7F1E62515069C00C28B05 /* tutorials_github.json */,
				BDD7F1EA2515095700C28B05 /* view-layout-and-presentation.json */,
				BDD231CD25260948001336ED /* explore.json */,
				BDD232382528D01F001336ED /* featured.json */,
			);
			path = Resources;
			sourceTree = "<group>";
		};
/* End PBXGroup section */

/* Begin PBXNativeTarget section */
		BD1AA69D2503C65000BE5BC5 /* HappySwiftUI */ = {
			isa = PBXNativeTarget;
			buildConfigurationList = BD1AA6B22503C65500BE5BC5 /* Build configuration list for PBXNativeTarget "HappySwiftUI" */;
			buildPhases = (
				6396FB82FCF07B02AE254CBA /* [CP] Check Pods Manifest.lock */,
				BD1AA69A2503C65000BE5BC5 /* Sources */,
				BD1AA69B2503C65000BE5BC5 /* Frameworks */,
				BD1AA69C2503C65000BE5BC5 /* Resources */,
				24BB016C928E227F4CC1459C /* [CP] Embed Pods Frameworks */,
			);
			buildRules = (
			);
			dependencies = (
			);
			name = HappySwiftUI;
			productName = HappySwiftUI;
			productReference = BD1AA69E2503C65000BE5BC5 /* HappySwiftUI.app */;
			productType = "com.apple.product-type.application";
		};
/* End PBXNativeTarget section */

/* Begin PBXProject section */
		BD1AA6962503C65000BE5BC5 /* Project object */ = {
			isa = PBXProject;
			attributes = {
				LastSwiftUpdateCheck = 1160;
				LastUpgradeCheck = 1160;
				ORGANIZATIONNAME = HappyCoding;
				TargetAttributes = {
					BD1AA69D2503C65000BE5BC5 = {
						CreatedOnToolsVersion = 11.6;
					};
				};
			};
			buildConfigurationList = BD1AA6992503C65000BE5BC5 /* Build configuration list for PBXProject "HappySwiftUI" */;
			compatibilityVersion = "Xcode 9.3";
			developmentRegion = en;
			hasScannedForEncodings = 0;
			knownRegions = (
				en,
				Base,
				"zh-Hans",
			);
			mainGroup = BD1AA6952503C65000BE5BC5;
			productRefGroup = BD1AA69F2503C65000BE5BC5 /* Products */;
			projectDirPath = "";
			projectRoot = "";
			targets = (
				BD1AA69D2503C65000BE5BC5 /* HappySwiftUI */,
			);
		};
/* End PBXProject section */

/* Begin PBXResourcesBuildPhase section */
		BD1AA69C2503C65000BE5BC5 /* Resources */ = {
			isa = PBXResourcesBuildPhase;
			buildActionMask = 2147483647;
			files = (
				BD6B6046250513F90096554E /* Localizable.strings in Resources */,
				BDD232392528D01F001336ED /* featured.json in Resources */,
				BDCD0D54251A4B8B003262F8 /* SourceCodePro-Regular.ttf in Resources */,
				BDCD0D53251A4B8B003262F8 /* SourceCodePro-BlackIt.ttf in Resources */,
				BDCD0D4E251A4B8B003262F8 /* SourceCodePro-Light.ttf in Resources */,
				BD1AA6AE2503C65500BE5BC5 /* LaunchScreen.storyboard in Resources */,
				BDCD0D4F251A4B8B003262F8 /* SourceCodePro-It.ttf in Resources */,
				BD6B6040250513910096554E /* InfoPlist.strings in Resources */,
				BDD231CE25260948001336ED /* explore.json in Resources */,
				BDCD0D4D251A4B8B003262F8 /* SourceCodePro-SemiboldIt.ttf in Resources */,
				BDCD0D4C251A4B8B003262F8 /* SourceCodePro-Medium.ttf in Resources */,
				BDCD0D57251A4B8B003262F8 /* SourceCodePro-Bold.ttf in Resources */,
				BDCD0D5B251A4B8B003262F8 /* FiraCode-Bold.ttf in Resources */,
				BDCD0D56251A4B8B003262F8 /* SourceCodePro-ExtraLightIt.ttf in Resources */,
				BDD7F1EB2515095700C28B05 /* view-layout-and-presentation.json in Resources */,
				BDCD0D5A251A4B8B003262F8 /* FiraCode-Retina.ttf in Resources */,
				BD1AA6AB2503C65500BE5BC5 /* Preview Assets.xcassets in Resources */,
				BDD7F1E72515069C00C28B05 /* tutorials_github.json in Resources */,
				BDCD0D59251A4B8B003262F8 /* FiraCode-Regular.ttf in Resources */,
				BD1AA6A82503C65500BE5BC5 /* Assets.xcassets in Resources */,
				BDCD0D51251A4B8B003262F8 /* SourceCodePro-Black.ttf in Resources */,
				BDCD0D58251A4B8B003262F8 /* FiraCode-Medium.ttf in Resources */,
				BDCD0D55251A4B8B003262F8 /* SourceCodePro-LightIt.ttf in Resources */,
				BDCD0D4B251A4B8B003262F8 /* SourceCodePro-BoldIt.ttf in Resources */,
				BDCD0D50251A4B8B003262F8 /* SourceCodePro-MediumIt.ttf in Resources */,
				BDCD0D52251A4B8B003262F8 /* SourceCodePro-ExtraLight.ttf in Resources */,
				BDCD0D5C251A4B8B003262F8 /* FiraCode-Light.ttf in Resources */,
				BDCD0D4A251A4B8B003262F8 /* SourceCodePro-Semibold.ttf in Resources */,
			);
			runOnlyForDeploymentPostprocessing = 0;
		};
/* End PBXResourcesBuildPhase section */

/* Begin PBXShellScriptBuildPhase section */
		24BB016C928E227F4CC1459C /* [CP] Embed Pods Frameworks */ = {
			isa = PBXShellScriptBuildPhase;
			buildActionMask = 2147483647;
			files = (
			);
			inputFileListPaths = (
				"${PODS_ROOT}/Target Support Files/Pods-HappySwiftUI/Pods-HappySwiftUI-frameworks-${CONFIGURATION}-input-files.xcfilelist",
			);
			name = "[CP] Embed Pods Frameworks";
			outputFileListPaths = (
				"${PODS_ROOT}/Target Support Files/Pods-HappySwiftUI/Pods-HappySwiftUI-frameworks-${CONFIGURATION}-output-files.xcfilelist",
			);
			runOnlyForDeploymentPostprocessing = 0;
			shellPath = /bin/sh;
			shellScript = "\"${PODS_ROOT}/Target Support Files/Pods-HappySwiftUI/Pods-HappySwiftUI-frameworks.sh\"\n";
			showEnvVarsInLog = 0;
		};
		6396FB82FCF07B02AE254CBA /* [CP] Check Pods Manifest.lock */ = {
			isa = PBXShellScriptBuildPhase;
			buildActionMask = 2147483647;
			files = (
			);
			inputFileListPaths = (
			);
			inputPaths = (
				"${PODS_PODFILE_DIR_PATH}/Podfile.lock",
				"${PODS_ROOT}/Manifest.lock",
			);
			name = "[CP] Check Pods Manifest.lock";
			outputFileListPaths = (
			);
			outputPaths = (
				"$(DERIVED_FILE_DIR)/Pods-HappySwiftUI-checkManifestLockResult.txt",
			);
			runOnlyForDeploymentPostprocessing = 0;
			shellPath = /bin/sh;
			shellScript = "diff \"${PODS_PODFILE_DIR_PATH}/Podfile.lock\" \"${PODS_ROOT}/Manifest.lock\" > /dev/null\nif [ $? != 0 ] ; then\n    # print error to STDERR\n    echo \"error: The sandbox is not in sync with the Podfile.lock. Run 'pod install' or update your CocoaPods installation.\" >&2\n    exit 1\nfi\n# This output is used by Xcode 'outputs' to avoid re-running this script phase.\necho \"SUCCESS\" > \"${SCRIPT_OUTPUT_FILE_0}\"\n";
			showEnvVarsInLog = 0;
		};
/* End PBXShellScriptBuildPhase section */

/* Begin PBXSourcesBuildPhase section */
		BD1AA69A2503C65000BE5BC5 /* Sources */ = {
			isa = PBXSourcesBuildPhase;
			buildActionMask = 2147483647;
			files = (
				BD6B604E25052A240096554E /* LanguagesView.swift in Sources */,
				BDD2323C2528D103001336ED /* FeaturedTopicCard.swift in Sources */,
				BDD7F1DE2514F6B000C28B05 /* TextEditorPage.swift in Sources */,
				BDBAC0922519FC5200624028 /* LabelPage.swift in Sources */,
				BDD7F1F125179B7C00C28B05 /* LazyHStackPage.swift in Sources */,
				BDC78BDC250E642800F9C816 /* TextPage.swift in Sources */,
				BDD23243253061C7001336ED /* WebView.swift in Sources */,
				BD1AA6A22503C65000BE5BC5 /* AppDelegate.swift in Sources */,
				BD6B604C250519DC0096554E /* Localizable.swift in Sources */,
				BDD2322325275830001336ED /* TapicEngine.swift in Sources */,
				BDD2322725276AA8001336ED /* VersionHistoryPage.swift in Sources */,
				BDC78BE4250E79B100F9C816 /* MapView.swift in Sources */,
				BDD232362528C62A001336ED /* ColorPickerPage.swift in Sources */,
				BDD231D325260D13001336ED /* ExploreHomePage.swift in Sources */,
				BDD7F1F52517A3C700C28B05 /* LazyHGridPage.swift in Sources */,
				BDC78BE1250E77B800F9C816 /* CodeEditorVIew.swift in Sources */,
				BDD231E0252629C9001336ED /* ExploreGroupDetailPage.swift in Sources */,
				BD1AA6A42503C65000BE5BC5 /* SceneDelegate.swift in Sources */,
				BDD7F1EE2517954200C28B05 /* LazyVStackPage.swift in Sources */,
				BDD2322A25276E80001336ED /* Version.swift in Sources */,
				BDD253E02518E9E500C09837 /* CodeThemePickPage.swift in Sources */,
				BDD231D825260F45001336ED /* ExploreModels.swift in Sources */,
				BD1AA6A62503C65000BE5BC5 /* ContentView.swift in Sources */,
				BD6B60392503D1380096554E /* SettingsHomePage.swift in Sources */,
				BDD2323F25304C51001336ED /* FeaturedModels.swift in Sources */,
				BD06FA43250E5B5800EAC772 /* GlobalData.swift in Sources */,
				BDD232332528AAB1001336ED /* ProgressViewPage.swift in Sources */,
				BD6B603C2503D55D0096554E /* SafariView.swift in Sources */,
				BDD253E92519D71000C09837 /* LinkPage.swift in Sources */,
				BDD253E32518EC4200C09837 /* CodeTheme.swift in Sources */,
				BDC78BDF250E769B00F9C816 /* CodeEditor.swift in Sources */,
				BDD7F1E22514F9AC00C28B05 /* PickerPage.swift in Sources */,
				BDD253E62518EFE100C09837 /* CodeEditorHelper.swift in Sources */,
				BD1AA6B72503CC8B00BE5BC5 /* TutorialHomePage.swift in Sources */,
				BDD2322F252770D6001336ED /* FeaturedHomePage.swift in Sources */,
			);
			runOnlyForDeploymentPostprocessing = 0;
		};
/* End PBXSourcesBuildPhase section */

/* Begin PBXVariantGroup section */
		BD1AA6AC2503C65500BE5BC5 /* LaunchScreen.storyboard */ = {
			isa = PBXVariantGroup;
			children = (
				BD1AA6AD2503C65500BE5BC5 /* Base */,
				BD6B603D250513160096554E /* zh-Hans */,
			);
			name = LaunchScreen.storyboard;
			sourceTree = "<group>";
		};
		BD6B6042250513910096554E /* InfoPlist.strings */ = {
			isa = PBXVariantGroup;
			children = (
				BD6B6041250513910096554E /* en */,
				BD6B6043250513950096554E /* zh-Hans */,
			);
			name = InfoPlist.strings;
			sourceTree = "<group>";
		};
		BD6B6048250513F90096554E /* Localizable.strings */ = {
			isa = PBXVariantGroup;
			children = (
				BD6B6047250513F90096554E /* en */,
				BD6B6049250513FB0096554E /* zh-Hans */,
			);
			name = Localizable.strings;
			sourceTree = "<group>";
		};
/* End PBXVariantGroup section */

/* Begin XCBuildConfiguration section */
		BD1AA6B02503C65500BE5BC5 /* Debug */ = {
			isa = XCBuildConfiguration;
			buildSettings = {
				ALWAYS_SEARCH_USER_PATHS = NO;
				CLANG_ANALYZER_LOCALIZABILITY_NONLOCALIZED = YES;
				CLANG_ANALYZER_NONNULL = YES;
				CLANG_ANALYZER_NUMBER_OBJECT_CONVERSION = YES_AGGRESSIVE;
				CLANG_CXX_LANGUAGE_STANDARD = "gnu++14";
				CLANG_CXX_LIBRARY = "libc++";
				CLANG_ENABLE_MODULES = YES;
				CLANG_ENABLE_OBJC_ARC = YES;
				CLANG_ENABLE_OBJC_WEAK = YES;
				CLANG_WARN_BLOCK_CAPTURE_AUTORELEASING = YES;
				CLANG_WARN_BOOL_CONVERSION = YES;
				CLANG_WARN_COMMA = YES;
				CLANG_WARN_CONSTANT_CONVERSION = YES;
				CLANG_WARN_DEPRECATED_OBJC_IMPLEMENTATIONS = YES;
				CLANG_WARN_DIRECT_OBJC_ISA_USAGE = YES_ERROR;
				CLANG_WARN_DOCUMENTATION_COMMENTS = YES;
				CLANG_WARN_EMPTY_BODY = YES;
				CLANG_WARN_ENUM_CONVERSION = YES;
				CLANG_WARN_INFINITE_RECURSION = YES;
				CLANG_WARN_INT_CONVERSION = YES;
				CLANG_WARN_NON_LITERAL_NULL_CONVERSION = YES;
				CLANG_WARN_OBJC_IMPLICIT_RETAIN_SELF = YES;
				CLANG_WARN_OBJC_LITERAL_CONVERSION = YES;
				CLANG_WARN_OBJC_ROOT_CLASS = YES_ERROR;
				CLANG_WARN_RANGE_LOOP_ANALYSIS = YES;
				CLANG_WARN_STRICT_PROTOTYPES = YES;
				CLANG_WARN_SUSPICIOUS_MOVE = YES;
				CLANG_WARN_UNGUARDED_AVAILABILITY = YES_AGGRESSIVE;
				CLANG_WARN_UNREACHABLE_CODE = YES;
				CLANG_WARN__DUPLICATE_METHOD_MATCH = YES;
				COPY_PHASE_STRIP = NO;
				DEBUG_INFORMATION_FORMAT = dwarf;
				ENABLE_STRICT_OBJC_MSGSEND = YES;
				ENABLE_TESTABILITY = YES;
				GCC_C_LANGUAGE_STANDARD = gnu11;
				GCC_DYNAMIC_NO_PIC = NO;
				GCC_NO_COMMON_BLOCKS = YES;
				GCC_OPTIMIZATION_LEVEL = 0;
				GCC_PREPROCESSOR_DEFINITIONS = (
					"DEBUG=1",
					"$(inherited)",
				);
				GCC_WARN_64_TO_32_BIT_CONVERSION = YES;
				GCC_WARN_ABOUT_RETURN_TYPE = YES_ERROR;
				GCC_WARN_UNDECLARED_SELECTOR = YES;
				GCC_WARN_UNINITIALIZED_AUTOS = YES_AGGRESSIVE;
				GCC_WARN_UNUSED_FUNCTION = YES;
				GCC_WARN_UNUSED_VARIABLE = YES;
				IPHONEOS_DEPLOYMENT_TARGET = 13.6;
				MTL_ENABLE_DEBUG_INFO = INCLUDE_SOURCE;
				MTL_FAST_MATH = YES;
				ONLY_ACTIVE_ARCH = YES;
				SDKROOT = iphoneos;
				SWIFT_ACTIVE_COMPILATION_CONDITIONS = DEBUG;
				SWIFT_OPTIMIZATION_LEVEL = "-Onone";
			};
			name = Debug;
		};
		BD1AA6B12503C65500BE5BC5 /* Release */ = {
			isa = XCBuildConfiguration;
			buildSettings = {
				ALWAYS_SEARCH_USER_PATHS = NO;
				CLANG_ANALYZER_LOCALIZABILITY_NONLOCALIZED = YES;
				CLANG_ANALYZER_NONNULL = YES;
				CLANG_ANALYZER_NUMBER_OBJECT_CONVERSION = YES_AGGRESSIVE;
				CLANG_CXX_LANGUAGE_STANDARD = "gnu++14";
				CLANG_CXX_LIBRARY = "libc++";
				CLANG_ENABLE_MODULES = YES;
				CLANG_ENABLE_OBJC_ARC = YES;
				CLANG_ENABLE_OBJC_WEAK = YES;
				CLANG_WARN_BLOCK_CAPTURE_AUTORELEASING = YES;
				CLANG_WARN_BOOL_CONVERSION = YES;
				CLANG_WARN_COMMA = YES;
				CLANG_WARN_CONSTANT_CONVERSION = YES;
				CLANG_WARN_DEPRECATED_OBJC_IMPLEMENTATIONS = YES;
				CLANG_WARN_DIRECT_OBJC_ISA_USAGE = YES_ERROR;
				CLANG_WARN_DOCUMENTATION_COMMENTS = YES;
				CLANG_WARN_EMPTY_BODY = YES;
				CLANG_WARN_ENUM_CONVERSION = YES;
				CLANG_WARN_INFINITE_RECURSION = YES;
				CLANG_WARN_INT_CONVERSION = YES;
				CLANG_WARN_NON_LITERAL_NULL_CONVERSION = YES;
				CLANG_WARN_OBJC_IMPLICIT_RETAIN_SELF = YES;
				CLANG_WARN_OBJC_LITERAL_CONVERSION = YES;
				CLANG_WARN_OBJC_ROOT_CLASS = YES_ERROR;
				CLANG_WARN_RANGE_LOOP_ANALYSIS = YES;
				CLANG_WARN_STRICT_PROTOTYPES = YES;
				CLANG_WARN_SUSPICIOUS_MOVE = YES;
				CLANG_WARN_UNGUARDED_AVAILABILITY = YES_AGGRESSIVE;
				CLANG_WARN_UNREACHABLE_CODE = YES;
				CLANG_WARN__DUPLICATE_METHOD_MATCH = YES;
				COPY_PHASE_STRIP = NO;
				DEBUG_INFORMATION_FORMAT = "dwarf-with-dsym";
				ENABLE_NS_ASSERTIONS = NO;
				ENABLE_STRICT_OBJC_MSGSEND = YES;
				GCC_C_LANGUAGE_STANDARD = gnu11;
				GCC_NO_COMMON_BLOCKS = YES;
				GCC_WARN_64_TO_32_BIT_CONVERSION = YES;
				GCC_WARN_ABOUT_RETURN_TYPE = YES_ERROR;
				GCC_WARN_UNDECLARED_SELECTOR = YES;
				GCC_WARN_UNINITIALIZED_AUTOS = YES_AGGRESSIVE;
				GCC_WARN_UNUSED_FUNCTION = YES;
				GCC_WARN_UNUSED_VARIABLE = YES;
				IPHONEOS_DEPLOYMENT_TARGET = 13.6;
				MTL_ENABLE_DEBUG_INFO = NO;
				MTL_FAST_MATH = YES;
				SDKROOT = iphoneos;
				SWIFT_COMPILATION_MODE = wholemodule;
				SWIFT_OPTIMIZATION_LEVEL = "-O";
				VALIDATE_PRODUCT = YES;
			};
			name = Release;
		};
		BD1AA6B32503C65500BE5BC5 /* Debug */ = {
			isa = XCBuildConfiguration;
			baseConfigurationReference = 1D117159C5B7C9C78D9B4AED /* Pods-HappySwiftUI.debug.xcconfig */;
			buildSettings = {
				ASSETCATALOG_COMPILER_APPICON_NAME = AppIcon;
				CODE_SIGN_STYLE = Automatic;
				DEVELOPMENT_ASSET_PATHS = "\"HappySwiftUI/Preview Content\"";
				DEVELOPMENT_TEAM = 6RUU9PN7NF;
				ENABLE_PREVIEWS = YES;
				INFOPLIST_FILE = HappySwiftUI/Info.plist;
				IPHONEOS_DEPLOYMENT_TARGET = 14.0;
				LD_RUNPATH_SEARCH_PATHS = (
					"$(inherited)",
					"@executable_path/Frameworks",
				);
				MARKETING_VERSION = 1.0.0;
				PRODUCT_BUNDLE_IDENTIFIER = com.happycoding.HappySwiftUI;
				PRODUCT_NAME = "$(TARGET_NAME)";
				SWIFT_VERSION = 5.0;
				TARGETED_DEVICE_FAMILY = "1,2";
			};
			name = Debug;
		};
		BD1AA6B42503C65500BE5BC5 /* Release */ = {
			isa = XCBuildConfiguration;
			baseConfigurationReference = D3645CC9E4C1273B8E2C1481 /* Pods-HappySwiftUI.release.xcconfig */;
			buildSettings = {
				ASSETCATALOG_COMPILER_APPICON_NAME = AppIcon;
				CODE_SIGN_STYLE = Automatic;
				DEVELOPMENT_ASSET_PATHS = "\"HappySwiftUI/Preview Content\"";
				DEVELOPMENT_TEAM = 6RUU9PN7NF;
				ENABLE_PREVIEWS = YES;
				INFOPLIST_FILE = HappySwiftUI/Info.plist;
				IPHONEOS_DEPLOYMENT_TARGET = 14.0;
				LD_RUNPATH_SEARCH_PATHS = (
					"$(inherited)",
					"@executable_path/Frameworks",
				);
				MARKETING_VERSION = 1.0.0;
				PRODUCT_BUNDLE_IDENTIFIER = com.happycoding.HappySwiftUI;
				PRODUCT_NAME = "$(TARGET_NAME)";
				SWIFT_VERSION = 5.0;
				TARGETED_DEVICE_FAMILY = "1,2";
			};
			name = Release;
		};
/* End XCBuildConfiguration section */

/* Begin XCConfigurationList section */
		BD1AA6992503C65000BE5BC5 /* Build configuration list for PBXProject "HappySwiftUI" */ = {
			isa = XCConfigurationList;
			buildConfigurations = (
				BD1AA6B02503C65500BE5BC5 /* Debug */,
				BD1AA6B12503C65500BE5BC5 /* Release */,
			);
			defaultConfigurationIsVisible = 0;
			defaultConfigurationName = Release;
		};
		BD1AA6B22503C65500BE5BC5 /* Build configuration list for PBXNativeTarget "HappySwiftUI" */ = {
			isa = XCConfigurationList;
			buildConfigurations = (
				BD1AA6B32503C65500BE5BC5 /* Debug */,
				BD1AA6B42503C65500BE5BC5 /* Release */,
			);
			defaultConfigurationIsVisible = 0;
			defaultConfigurationName = Release;
		};
/* End XCConfigurationList section */
	};
	rootObject = BD1AA6962503C65000BE5BC5 /* Project object */;
}
